
Microsoft Visual Studio Solution File, Format Version 12.00
# Visual Studio Version 17
VisualStudioVersion = 17.11.35327.3
MinimumVisualStudioVersion = 10.0.40219.1
Project("{888888A0-9F3D-457C-B088-3A5042F75D52}") = "telebot_for_sbornik", "telebot_for_sbornik.pyproj", "{495AF265-3B37-4A4A-A77C-BDEFA52B73A8}"
EndProject
Global
	GlobalSection(SolutionConfigurationPlatforms) = preSolution
		Debug|Any CPU = Debug|Any CPU
		Release|Any CPU = Release|Any CPU
	EndGlobalSection
	GlobalSection(ProjectConfigurationPlatforms) = postSolution
		{495AF265-3B37-4A4A-A77C-BDEFA52B73A8}.Debug|Any CPU.ActiveCfg = Debug|Any CPU
		{495AF265-3B37-4A4A-A77C-BDEFA52B73A8}.Release|Any CPU.ActiveCfg = Release|Any CPU
	EndGlobalSection
	GlobalSection(SolutionProperties) = preSolution
		HideSolutionNode = FALSE
	EndGlobalSection
	GlobalSection(ExtensibilityGlobals) = postSolution
		SolutionGuid = {58290CE3-8E26-4E2B-8592-80A7DBD809D5}
	EndGlobalSection
EndGlobal
